{
  "version": 4,
  "terraform_version": "1.4.4",
  "serial": 58,
  "lineage": "bb6c5beb-cb41-bc18-e4b0-4e6d6c70b64d",
  "outputs": {
    "jenkins_ssh_connection_command": {
      "value": "ssh -i instance_key_pair.pem ec2-user@ec2-34-237-51-40.compute-1.amazonaws.com",
      "type": "string"
    },
    "jenkins_url": {
      "value": "http://ec2-34-237-51-40.compute-1.amazonaws.com:8080",
      "type": "string"
    },
    "nexus_ssh_connection_command": {
      "value": "ssh -i instance_key_pair.pem ec2-user@ec2-44-192-79-6.compute-1.amazonaws.com",
      "type": "string"
    },
    "nexus_url": {
      "value": "http://ec2-44-192-79-6.compute-1.amazonaws.com:8081",
      "type": "string"
    },
    "ssh_connection_qa_command": {
      "value": "ssh -i instance_key_pair.pem ec2-user@ec2-3-237-242-204.compute-1.amazonaws.com",
      "type": "string"
    }
  },
  "resources": [
    {
      "mode": "data",
      "type": "aws_ami",
      "name": "ami",
      "provider": "provider[\"registry.terraform.io/hashicorp/aws\"]",
      "instances": [
        {
          "schema_version": 0,
          "attributes": {
            "architecture": "x86_64",
            "arn": "arn:aws:ec2:us-east-1::image/ami-0bef6cc322bfff646",
            "block_device_mappings": [
              {
                "device_name": "/dev/xvda",
                "ebs": {
                  "delete_on_termination": "true",
                  "encrypted": "false",
                  "iops": "0",
                  "snapshot_id": "snap-0dc7b012baec1fa3f",
                  "throughput": "0",
                  "volume_size": "8",
                  "volume_type": "gp2"
                },
                "no_device": "",
                "virtual_name": ""
              }
            ],
            "boot_mode": "",
            "creation_date": "2023-05-19T00:22:48.000Z",
            "deprecation_time": "2025-05-19T00:22:48.000Z",
            "description": "Amazon Linux 2 Kernel 5.10 AMI 2.0.20230515.0 x86_64 HVM gp2",
            "ena_support": true,
            "executable_users": null,
            "filter": [
              {
                "name": "name",
                "values": [
                  "amzn2-ami-kernel-5.10-hvm-*-gp2"
                ]
              },
              {
                "name": "root-device-type",
                "values": [
                  "ebs"
                ]
              },
              {
                "name": "virtualization-type",
                "values": [
                  "hvm"
                ]
              }
            ],
            "hypervisor": "xen",
            "id": "ami-0bef6cc322bfff646",
            "image_id": "ami-0bef6cc322bfff646",
            "image_location": "amazon/amzn2-ami-kernel-5.10-hvm-2.0.20230515.0-x86_64-gp2",
            "image_owner_alias": "amazon",
            "image_type": "machine",
            "imds_support": "",
            "include_deprecated": false,
            "kernel_id": "",
            "most_recent": true,
            "name": "amzn2-ami-kernel-5.10-hvm-2.0.20230515.0-x86_64-gp2",
            "name_regex": null,
            "owner_id": "137112412989",
            "owners": [
              "amazon"
            ],
            "platform": "",
            "platform_details": "Linux/UNIX",
            "product_codes": [],
            "public": true,
            "ramdisk_id": "",
            "root_device_name": "/dev/xvda",
            "root_device_type": "ebs",
            "root_snapshot_id": "snap-0dc7b012baec1fa3f",
            "sriov_net_support": "simple",
            "state": "available",
            "state_reason": {
              "code": "UNSET",
              "message": "UNSET"
            },
            "tags": {},
            "timeouts": null,
            "tpm_support": "",
            "usage_operation": "RunInstances",
            "virtualization_type": "hvm"
          },
          "sensitive_attributes": []
        }
      ]
    },
    {
      "mode": "managed",
      "type": "aws_default_vpc",
      "name": "default_vpc",
      "provider": "provider[\"registry.terraform.io/hashicorp/aws\"]",
      "instances": [
        {
          "schema_version": 1,
          "attributes": {
            "arn": "arn:aws:ec2:us-east-1:480854362041:vpc/vpc-03aeabf421b792d19",
            "assign_generated_ipv6_cidr_block": false,
            "cidr_block": "172.31.0.0/16",
            "default_network_acl_id": "acl-0f2353ccc7aced1dd",
            "default_route_table_id": "rtb-05a658e30405880ae",
            "default_security_group_id": "sg-057bbc1d674c29f2e",
            "dhcp_options_id": "dopt-06ee1f2596dd0a723",
            "enable_dns_hostnames": true,
            "enable_dns_support": true,
            "enable_network_address_usage_metrics": false,
            "existing_default_vpc": true,
            "force_destroy": false,
            "id": "vpc-03aeabf421b792d19",
            "instance_tenancy": "default",
            "ipv6_association_id": "",
            "ipv6_cidr_block": "",
            "ipv6_cidr_block_network_border_group": "",
            "ipv6_ipam_pool_id": "",
            "ipv6_netmask_length": 0,
            "main_route_table_id": "rtb-05a658e30405880ae",
            "owner_id": "480854362041",
            "tags": null,
            "tags_all": {}
          },
          "sensitive_attributes": [],
          "private": "eyJzY2hlbWFfdmVyc2lvbiI6IjEifQ=="
        }
      ]
    },
    {
      "mode": "managed",
      "type": "aws_instance",
      "name": "jenkins_ec2_instance",
      "provider": "provider[\"registry.terraform.io/hashicorp/aws\"]",
      "instances": [
        {
          "schema_version": 1,
          "attributes": {
            "ami": "ami-013ccc993e326677e",
            "arn": "arn:aws:ec2:us-east-1:480854362041:instance/i-0ac2c11d8f3852fbf",
            "associate_public_ip_address": true,
            "availability_zone": "us-east-1f",
            "capacity_reservation_specification": [
              {
                "capacity_reservation_preference": "open",
                "capacity_reservation_target": []
              }
            ],
            "cpu_core_count": 2,
            "cpu_options": [
              {
                "amd_sev_snp": "",
                "core_count": 2,
                "threads_per_core": 1
              }
            ],
            "cpu_threads_per_core": 1,
            "credit_specification": [
              {
                "cpu_credits": "standard"
              }
            ],
            "disable_api_stop": false,
            "disable_api_termination": false,
            "ebs_block_device": [],
            "ebs_optimized": false,
            "enclave_options": [
              {
                "enabled": false
              }
            ],
            "ephemeral_block_device": [],
            "get_password_data": false,
            "hibernation": false,
            "host_id": "",
            "host_resource_group_arn": null,
            "iam_instance_profile": "",
            "id": "i-0ac2c11d8f3852fbf",
            "instance_initiated_shutdown_behavior": "stop",
            "instance_state": "running",
            "instance_type": "t2.medium",
            "ipv6_address_count": 0,
            "ipv6_addresses": [],
            "key_name": "instance_key_pair",
            "launch_template": [],
            "maintenance_options": [
              {
                "auto_recovery": "default"
              }
            ],
            "metadata_options": [
              {
                "http_endpoint": "enabled",
                "http_put_response_hop_limit": 1,
                "http_tokens": "optional",
                "instance_metadata_tags": "disabled"
              }
            ],
            "monitoring": false,
            "network_interface": [],
            "outpost_arn": "",
            "password_data": "",
            "placement_group": "",
            "placement_partition_number": 0,
            "primary_network_interface_id": "eni-08d19ca9b9db36c6f",
            "private_dns": "ip-172-31-70-52.ec2.internal",
            "private_dns_name_options": [
              {
                "enable_resource_name_dns_a_record": false,
                "enable_resource_name_dns_aaaa_record": false,
                "hostname_type": "ip-name"
              }
            ],
            "private_ip": "172.31.70.52",
            "public_dns": "ec2-34-237-51-40.compute-1.amazonaws.com",
            "public_ip": "34.237.51.40",
            "root_block_device": [
              {
                "delete_on_termination": true,
                "device_name": "/dev/xvda",
                "encrypted": false,
                "iops": 100,
                "kms_key_id": "",
                "tags": {},
                "throughput": 0,
                "volume_id": "vol-01fc56209abcaa8ce",
                "volume_size": 30,
                "volume_type": "gp2"
              }
            ],
            "secondary_private_ips": [],
            "security_groups": [
              "utrains jenkins security group"
            ],
            "source_dest_check": true,
            "subnet_id": "subnet-0b6ea1d0a650ff269",
            "tags": {
              "Name": "Jenkins-Server",
              "Owner": "Nathan"
            },
            "tags_all": {
              "Name": "Jenkins-Server",
              "Owner": "Nathan"
            },
            "tenancy": "default",
            "timeouts": null,
            "user_data": null,
            "user_data_base64": null,
            "user_data_replace_on_change": false,
            "volume_tags": null,
            "vpc_security_group_ids": [
              "sg-035f1cf269e8b5ece"
            ]
          },
          "sensitive_attributes": [],
          "private": "eyJlMmJmYjczMC1lY2FhLTExZTYtOGY4OC0zNDM2M2JjN2M0YzAiOnsiY3JlYXRlIjo2MDAwMDAwMDAwMDAsImRlbGV0ZSI6MTIwMDAwMDAwMDAwMCwidXBkYXRlIjo2MDAwMDAwMDAwMDB9LCJzY2hlbWFfdmVyc2lvbiI6IjEifQ==",
          "dependencies": [
            "aws_default_vpc.default_vpc",
            "aws_key_pair.instance_key",
            "aws_security_group.jenkins_security_gp",
            "tls_private_key.instance_key"
          ]
        }
      ]
    },
    {
      "mode": "managed",
      "type": "aws_instance",
      "name": "nexus_ec2_instance",
      "provider": "provider[\"registry.terraform.io/hashicorp/aws\"]",
      "instances": [
        {
          "index_key": 0,
          "schema_version": 1,
          "attributes": {
            "ami": "ami-013ccc993e326677e",
            "arn": "arn:aws:ec2:us-east-1:480854362041:instance/i-0d3398dc012b24e1d",
            "associate_public_ip_address": true,
            "availability_zone": "us-east-1f",
            "capacity_reservation_specification": [
              {
                "capacity_reservation_preference": "open",
                "capacity_reservation_target": []
              }
            ],
            "cpu_core_count": 2,
            "cpu_options": [
              {
                "amd_sev_snp": "",
                "core_count": 2,
                "threads_per_core": 1
              }
            ],
            "cpu_threads_per_core": 1,
            "credit_specification": [
              {
                "cpu_credits": "standard"
              }
            ],
            "disable_api_stop": false,
            "disable_api_termination": false,
            "ebs_block_device": [],
            "ebs_optimized": false,
            "enclave_options": [
              {
                "enabled": false
              }
            ],
            "ephemeral_block_device": [],
            "get_password_data": false,
            "hibernation": false,
            "host_id": "",
            "host_resource_group_arn": null,
            "iam_instance_profile": "",
            "id": "i-0d3398dc012b24e1d",
            "instance_initiated_shutdown_behavior": "stop",
            "instance_state": "running",
            "instance_type": "t2.medium",
            "ipv6_address_count": 0,
            "ipv6_addresses": [],
            "key_name": "instance_key_pair",
            "launch_template": [],
            "maintenance_options": [
              {
                "auto_recovery": "default"
              }
            ],
            "metadata_options": [
              {
                "http_endpoint": "enabled",
                "http_put_response_hop_limit": 1,
                "http_tokens": "optional",
                "instance_metadata_tags": "disabled"
              }
            ],
            "monitoring": false,
            "network_interface": [],
            "outpost_arn": "",
            "password_data": "",
            "placement_group": "",
            "placement_partition_number": 0,
            "primary_network_interface_id": "eni-013289ef3327ff875",
            "private_dns": "ip-172-31-71-88.ec2.internal",
            "private_dns_name_options": [
              {
                "enable_resource_name_dns_a_record": false,
                "enable_resource_name_dns_aaaa_record": false,
                "hostname_type": "ip-name"
              }
            ],
            "private_ip": "172.31.71.88",
            "public_dns": "ec2-44-192-79-6.compute-1.amazonaws.com",
            "public_ip": "44.192.79.6",
            "root_block_device": [
              {
                "delete_on_termination": true,
                "device_name": "/dev/xvda",
                "encrypted": false,
                "iops": 100,
                "kms_key_id": "",
                "tags": {},
                "throughput": 0,
                "volume_id": "vol-056b453ecd1db0ba4",
                "volume_size": 30,
                "volume_type": "gp2"
              }
            ],
            "secondary_private_ips": [],
            "security_groups": [
              "nexus security group"
            ],
            "source_dest_check": true,
            "subnet_id": "subnet-0b6ea1d0a650ff269",
            "tags": {
              "Name": "Nexus-Server",
              "Owner": "Nathan"
            },
            "tags_all": {
              "Name": "Nexus-Server",
              "Owner": "Nathan"
            },
            "tenancy": "default",
            "timeouts": null,
            "user_data": null,
            "user_data_base64": null,
            "user_data_replace_on_change": false,
            "volume_tags": null,
            "vpc_security_group_ids": [
              "sg-0f84da5e8be171048"
            ]
          },
          "sensitive_attributes": [],
          "private": "eyJlMmJmYjczMC1lY2FhLTExZTYtOGY4OC0zNDM2M2JjN2M0YzAiOnsiY3JlYXRlIjo2MDAwMDAwMDAwMDAsImRlbGV0ZSI6MTIwMDAwMDAwMDAwMCwidXBkYXRlIjo2MDAwMDAwMDAwMDB9LCJzY2hlbWFfdmVyc2lvbiI6IjEifQ==",
          "dependencies": [
            "aws_default_vpc.default_vpc",
            "aws_key_pair.instance_key",
            "aws_security_group.nexus_security_gp",
            "tls_private_key.instance_key"
          ]
        }
      ]
    },
    {
      "mode": "managed",
      "type": "aws_instance",
      "name": "qa_server",
      "provider": "provider[\"registry.terraform.io/hashicorp/aws\"]",
      "instances": [
        {
          "index_key": 0,
          "schema_version": 1,
          "attributes": {
            "ami": "ami-0bef6cc322bfff646",
            "arn": "arn:aws:ec2:us-east-1:480854362041:instance/i-04c9f867799db51a3",
            "associate_public_ip_address": true,
            "availability_zone": "us-east-1a",
            "capacity_reservation_specification": [
              {
                "capacity_reservation_preference": "open",
                "capacity_reservation_target": []
              }
            ],
            "cpu_core_count": 1,
            "cpu_options": [
              {
                "amd_sev_snp": "",
                "core_count": 1,
                "threads_per_core": 1
              }
            ],
            "cpu_threads_per_core": 1,
            "credit_specification": [
              {
                "cpu_credits": "standard"
              }
            ],
            "disable_api_stop": false,
            "disable_api_termination": false,
            "ebs_block_device": [],
            "ebs_optimized": false,
            "enclave_options": [
              {
                "enabled": false
              }
            ],
            "ephemeral_block_device": [],
            "get_password_data": false,
            "hibernation": false,
            "host_id": "",
            "host_resource_group_arn": null,
            "iam_instance_profile": "",
            "id": "i-04c9f867799db51a3",
            "instance_initiated_shutdown_behavior": "stop",
            "instance_state": "running",
            "instance_type": "t2.micro",
            "ipv6_address_count": 0,
            "ipv6_addresses": [],
            "key_name": "instance_key_pair",
            "launch_template": [],
            "maintenance_options": [
              {
                "auto_recovery": "default"
              }
            ],
            "metadata_options": [
              {
                "http_endpoint": "enabled",
                "http_put_response_hop_limit": 1,
                "http_tokens": "optional",
                "instance_metadata_tags": "disabled"
              }
            ],
            "monitoring": false,
            "network_interface": [],
            "outpost_arn": "",
            "password_data": "",
            "placement_group": "",
            "placement_partition_number": 0,
            "primary_network_interface_id": "eni-08b89cd3afa598ae3",
            "private_dns": "ip-172-31-13-104.ec2.internal",
            "private_dns_name_options": [
              {
                "enable_resource_name_dns_a_record": false,
                "enable_resource_name_dns_aaaa_record": false,
                "hostname_type": "ip-name"
              }
            ],
            "private_ip": "172.31.13.104",
            "public_dns": "ec2-3-237-242-204.compute-1.amazonaws.com",
            "public_ip": "3.237.242.204",
            "root_block_device": [
              {
                "delete_on_termination": true,
                "device_name": "/dev/xvda",
                "encrypted": false,
                "iops": 100,
                "kms_key_id": "",
                "tags": {},
                "throughput": 0,
                "volume_id": "vol-0144e1b4c9234b086",
                "volume_size": 8,
                "volume_type": "gp2"
              }
            ],
            "secondary_private_ips": [],
            "security_groups": [
              "qa-uat security group"
            ],
            "source_dest_check": true,
            "subnet_id": "subnet-072d47ae08ccd67a4",
            "tags": {
              "Name": "QA-Server",
              "Owner": "Nathan"
            },
            "tags_all": {
              "Name": "QA-Server",
              "Owner": "Nathan"
            },
            "tenancy": "default",
            "timeouts": null,
            "user_data": "d052562fabea07644701871821d69be674b59a4a",
            "user_data_base64": null,
            "user_data_replace_on_change": false,
            "volume_tags": null,
            "vpc_security_group_ids": [
              "sg-0addcba0e2d555018"
            ]
          },
          "sensitive_attributes": [],
          "private": "eyJlMmJmYjczMC1lY2FhLTExZTYtOGY4OC0zNDM2M2JjN2M0YzAiOnsiY3JlYXRlIjo2MDAwMDAwMDAwMDAsImRlbGV0ZSI6MTIwMDAwMDAwMDAwMCwidXBkYXRlIjo2MDAwMDAwMDAwMDB9LCJzY2hlbWFfdmVyc2lvbiI6IjEifQ==",
          "dependencies": [
            "aws_default_vpc.default_vpc",
            "aws_key_pair.instance_key",
            "aws_security_group.qa_uat_security_gp",
            "data.aws_ami.ami",
            "tls_private_key.instance_key"
          ]
        }
      ]
    },
    {
      "mode": "managed",
      "type": "aws_key_pair",
      "name": "instance_key",
      "provider": "provider[\"registry.terraform.io/hashicorp/aws\"]",
      "instances": [
        {
          "schema_version": 1,
          "attributes": {
            "arn": "arn:aws:ec2:us-east-1:480854362041:key-pair/instance_key_pair",
            "fingerprint": "d1:c1:e9:c0:22:51:cd:b1:8c:f2:08:11:11:14:32:5b",
            "id": "instance_key_pair",
            "key_name": "instance_key_pair",
            "key_name_prefix": "",
            "key_pair_id": "key-058f2cb5e9c0b8d84",
            "key_type": "rsa",
            "public_key": "ssh-rsa AAAAB3NzaC1yc2EAAAADAQABAAACAQC9fFSRbeF9HdkEwSok/8i6j7cqOvz4ngqqGXJunUg12EWX4IwkOipuTjm+f1BDM0lqaIAh2Xdm/nALcMNOdaBZQnv0g6U6rgjORMPpsj+CG2Gy8i+NlSj6M1X/S91EYoOMSYpBA4qANzqNCaKEelSFlOLJs1kFlSO9jVlDbvBepnZEyCbGH3xBrSSyb69Ykg7DqhkWsS0mlTTetvYvp9hOxao9F6DcAE7YIDnF0pd7oA4jB104IisP0RGw3K80kzMgcGaCZU8XCnjYOhY4aEIwtldrfvmHE7rB1qVyqriJFAy5w7jnRxEZD6b8CR5l8Y+Eudx6ZPHdwbH77B1djuW2gwAN5PspqEAjeTnBljM5KpOerhA4oeKGrak8YsSWfzKYmMNFpAIwK63vHaiHjZNSpDFDrtoBNrPshDitGLyoXWMr5+K99OyE4Uv4EeELaRbg9SPzmn2MDc42eGsJqMbaPlkqoJAWqW7RIV4RVREn/XYLyDw9tRZVJ9Z7v23NWpzPqVbYXc6YkcHg2dVQf/sHzED+fN1JeI2BcAGiV55yGUVYY7KlhbsFP4kZJWGseIqe7XglZO0mja4Z3i6OtZ4Clpl3HJ4zNIROGKPEJJKXDC5Zi+yUsTXmjlcY/Os5wbtyULU9p3MGBDvhP3MusKH8xwL54+MQkmFybyjpcDP0QQ==",
            "tags": null,
            "tags_all": {}
          },
          "sensitive_attributes": [],
          "private": "eyJzY2hlbWFfdmVyc2lvbiI6IjEifQ==",
          "dependencies": [
            "tls_private_key.instance_key"
          ]
        }
      ]
    },
    {
      "mode": "managed",
      "type": "aws_security_group",
      "name": "jenkins_security_gp",
      "provider": "provider[\"registry.terraform.io/hashicorp/aws\"]",
      "instances": [
        {
          "schema_version": 1,
          "attributes": {
            "arn": "arn:aws:ec2:us-east-1:480854362041:security-group/sg-035f1cf269e8b5ece",
            "description": "allow access on ports 8080 and 22 for jenkins and ssh",
            "egress": [
              {
                "cidr_blocks": [
                  "0.0.0.0/0"
                ],
                "description": "",
                "from_port": 0,
                "ipv6_cidr_blocks": [],
                "prefix_list_ids": [],
                "protocol": "-1",
                "security_groups": [],
                "self": false,
                "to_port": 0
              }
            ],
            "id": "sg-035f1cf269e8b5ece",
            "ingress": [
              {
                "cidr_blocks": [
                  "0.0.0.0/0"
                ],
                "description": "httpd access port",
                "from_port": 8080,
                "ipv6_cidr_blocks": [],
                "prefix_list_ids": [],
                "protocol": "tcp",
                "security_groups": [],
                "self": false,
                "to_port": 8080
              },
              {
                "cidr_blocks": [
                  "0.0.0.0/0"
                ],
                "description": "ssh access",
                "from_port": 22,
                "ipv6_cidr_blocks": [],
                "prefix_list_ids": [],
                "protocol": "tcp",
                "security_groups": [],
                "self": false,
                "to_port": 22
              }
            ],
            "name": "utrains jenkins security group",
            "name_prefix": "",
            "owner_id": "480854362041",
            "revoke_rules_on_delete": false,
            "tags": {
              "Name": "jenkins security group"
            },
            "tags_all": {
              "Name": "jenkins security group"
            },
            "timeouts": null,
            "vpc_id": "vpc-03aeabf421b792d19"
          },
          "sensitive_attributes": [],
          "private": "eyJlMmJmYjczMC1lY2FhLTExZTYtOGY4OC0zNDM2M2JjN2M0YzAiOnsiY3JlYXRlIjo2MDAwMDAwMDAwMDAsImRlbGV0ZSI6OTAwMDAwMDAwMDAwfSwic2NoZW1hX3ZlcnNpb24iOiIxIn0=",
          "dependencies": [
            "aws_default_vpc.default_vpc"
          ]
        }
      ]
    },
    {
      "mode": "managed",
      "type": "aws_security_group",
      "name": "nexus_security_gp",
      "provider": "provider[\"registry.terraform.io/hashicorp/aws\"]",
      "instances": [
        {
          "schema_version": 1,
          "attributes": {
            "arn": "arn:aws:ec2:us-east-1:480854362041:security-group/sg-0f84da5e8be171048",
            "description": "allow access on ports 8081 and 22 for nexus and ssh",
            "egress": [
              {
                "cidr_blocks": [
                  "0.0.0.0/0"
                ],
                "description": "",
                "from_port": 0,
                "ipv6_cidr_blocks": [],
                "prefix_list_ids": [],
                "protocol": "-1",
                "security_groups": [],
                "self": false,
                "to_port": 0
              }
            ],
            "id": "sg-0f84da5e8be171048",
            "ingress": [
              {
                "cidr_blocks": [
                  "0.0.0.0/0"
                ],
                "description": "httpd access port",
                "from_port": 8081,
                "ipv6_cidr_blocks": [],
                "prefix_list_ids": [],
                "protocol": "tcp",
                "security_groups": [],
                "self": false,
                "to_port": 8081
              },
              {
                "cidr_blocks": [
                  "0.0.0.0/0"
                ],
                "description": "ssh access",
                "from_port": 22,
                "ipv6_cidr_blocks": [],
                "prefix_list_ids": [],
                "protocol": "tcp",
                "security_groups": [],
                "self": false,
                "to_port": 22
              }
            ],
            "name": "nexus security group",
            "name_prefix": "",
            "owner_id": "480854362041",
            "revoke_rules_on_delete": false,
            "tags": {
              "Name": "nexus security group"
            },
            "tags_all": {
              "Name": "nexus security group"
            },
            "timeouts": null,
            "vpc_id": "vpc-03aeabf421b792d19"
          },
          "sensitive_attributes": [],
          "private": "eyJlMmJmYjczMC1lY2FhLTExZTYtOGY4OC0zNDM2M2JjN2M0YzAiOnsiY3JlYXRlIjo2MDAwMDAwMDAwMDAsImRlbGV0ZSI6OTAwMDAwMDAwMDAwfSwic2NoZW1hX3ZlcnNpb24iOiIxIn0=",
          "dependencies": [
            "aws_default_vpc.default_vpc"
          ]
        }
      ]
    },
    {
      "mode": "managed",
      "type": "aws_security_group",
      "name": "qa_uat_security_gp",
      "provider": "provider[\"registry.terraform.io/hashicorp/aws\"]",
      "instances": [
        {
          "schema_version": 1,
          "attributes": {
            "arn": "arn:aws:ec2:us-east-1:480854362041:security-group/sg-0addcba0e2d555018",
            "description": "allow access on ports 8082 and 22 for nexus and ssh",
            "egress": [
              {
                "cidr_blocks": [
                  "0.0.0.0/0"
                ],
                "description": "",
                "from_port": 0,
                "ipv6_cidr_blocks": [],
                "prefix_list_ids": [],
                "protocol": "-1",
                "security_groups": [],
                "self": false,
                "to_port": 0
              }
            ],
            "id": "sg-0addcba0e2d555018",
            "ingress": [
              {
                "cidr_blocks": [
                  "0.0.0.0/0"
                ],
                "description": "httpd access port",
                "from_port": 8082,
                "ipv6_cidr_blocks": [],
                "prefix_list_ids": [],
                "protocol": "tcp",
                "security_groups": [],
                "self": false,
                "to_port": 8082
              },
              {
                "cidr_blocks": [
                  "0.0.0.0/0"
                ],
                "description": "ssh access",
                "from_port": 22,
                "ipv6_cidr_blocks": [],
                "prefix_list_ids": [],
                "protocol": "tcp",
                "security_groups": [],
                "self": false,
                "to_port": 22
              }
            ],
            "name": "qa-uat security group",
            "name_prefix": "",
            "owner_id": "480854362041",
            "revoke_rules_on_delete": false,
            "tags": {
              "Name": "nexus security group"
            },
            "tags_all": {
              "Name": "nexus security group"
            },
            "timeouts": null,
            "vpc_id": "vpc-03aeabf421b792d19"
          },
          "sensitive_attributes": [],
          "private": "eyJlMmJmYjczMC1lY2FhLTExZTYtOGY4OC0zNDM2M2JjN2M0YzAiOnsiY3JlYXRlIjo2MDAwMDAwMDAwMDAsImRlbGV0ZSI6OTAwMDAwMDAwMDAwfSwic2NoZW1hX3ZlcnNpb24iOiIxIn0=",
          "dependencies": [
            "aws_default_vpc.default_vpc"
          ]
        }
      ]
    },
    {
      "mode": "managed",
      "type": "local_file",
      "name": "ssh_key",
      "provider": "provider[\"registry.terraform.io/hashicorp/local\"]",
      "instances": [
        {
          "schema_version": 0,
          "attributes": {
            "content": "-----BEGIN RSA PRIVATE KEY-----\nMIIJKQIBAAKCAgEAvXxUkW3hfR3ZBMEqJP/Iuo+3Kjr8+J4Kqhlybp1INdhFl+CM\nJDoqbk45vn9QQzNJamiAIdl3Zv5wC3DDTnWgWUJ79IOlOq4IzkTD6bI/ghthsvIv\njZUo+jNV/0vdRGKDjEmKQQOKgDc6jQmihHpUhZTiybNZBZUjvY1ZQ27wXqZ2RMgm\nxh98Qa0ksm+vWJIOw6oZFrEtJpU03rb2L6fYTsWqPReg3ABO2CA5xdKXe6AOIwdd\nOCIrD9ERsNyvNJMzIHBmgmVPFwp42DoWOGhCMLZXa375hxO6wdalcqq4iRQMucO4\n50cRGQ+m/AkeZfGPhLncemTx3cGx++wdXY7ltoMADeT7KahAI3k5wZYzOSqTnq4Q\nOKHihq2pPGLEln8ymJjDRaQCMCut7x2oh42TUqQxQ67aATaz7IQ4rRi8qF1jK+fi\nvfTshOFL+BHhC2kW4PUj85p9jA3ONnhrCajG2j5ZKqCQFqlu0SFeEVURJ/12C8g8\nPbUWVSfWe79tzVqcz6lW2F3OmJHB4NnVUH/7B8xA/nzdSXiNgXABoleechlFWGOy\npYW7BT+JGSVhrHiKnu14JWTtJo2uGd4ujrWeApaZdxyeMzSEThijxCSSlwwuWYvs\nlLE15o5XGPzrOcG7clC1PadzBgQ74T9zLrCh/McC+ePjEJJhcm8o6XAz9EECAwEA\nAQKCAgEAqASW+F12lHri9FRUCnrEgqjswYWMyudYjXwC/BJ69UPQcduqaHUrKqQy\nj7hUc0IG11PSSjGKrsjukTZr+CZVCNDrGOWinWW0aTKQhaiIp9WfzAz0HZclvrXG\ni5m5menAu6R58ywwo4BVarogYVgXmltqvW9KgKi+CFZN0H2Opl70gAj6WLOSeqoM\n4CwoT2Eztkwd8wEoCA5F0zZpFdi+9RpQ2dsZx/p97yakE8WojPZfkq/0+NFTXbME\n/M6yjOv5acpBG165wrSGczUOfvXzuz30Rl1Q5XWZJEgwbHz1JJeisRXb3zgk8RPv\n/YwYaEzJ9ebYma7oyLn4GGpFn7AV/zmQ6aPsBqMjyf+UgBFZ11TkQJM8BPt51kFg\nNHNl14rZkF+DuIBTAHyTg7qkM39vx1xcrvY7XgMzU/jIWStk683s8KwseSBIvhhT\ny41FpUN+Eiq1ku/w4HcaqchFkDBJuOE3IbUhEFAao+TD4rB1PdrYSh+dIC/+e/Oc\nwIJdEU/PJgTt7mGbdQ4o4C294t933zITvUG2nXFfGFIeJtW/Qg4W36FZfeDkJQkV\nupL3QJa0qNwJVyLz4nP+30qnIoM+7rYvmKKHlmR7uBQzqg8W8k4QWDEqw+mG7VQV\nZd1V7NiVcTj1fbbqkV4YKCscdlOueie1jYHFcs6Zs6M/+kc8QAECggEBAN1TbArT\nKYxgCSrEOwsWxiNFwkn5FiIChX5jo5fmRdqkT7Z8lqzWzp7Tf+Ka+ICsl2ibZ8Cv\nImPgx+7zYUfQ1vHieeNpmSZdJEyVHtfDH5dgy3C+VV/O4nu6EfNqnBSfQrTIekjz\nSluUIb3Jlt6g8PcvgNMA+8mpnxXOXi3qQCc5PUlEdrVWMJdDqyLPPm9NdAP3/3gQ\nQk4bMAQenPCmqq1lUike8Vc3a4FoWbMKfSDPW16jvCjbbfTuZVFjlEXkEuemUB1H\nA4kpmDYRII6TUACAWg3267d9WvUz0YR7yrLuOzM6/ec3bO0/k57WOHPl1Lmqursi\nDhnCN0mGM24GZukCggEBANsr6cuulFd1nPhVYto4vvItoBf7ZeuUpiPBIXI5VTij\nl5M+rvKblsSWxJh7B5AhEAru5te1NoM95TwNrNtcfb4Aa2wZHtR4+GZlxjEE41Ie\nlnccmz6c0/eZEpqAmitw/xn88LYMtB9tWI36OasOLaZRqFCwQ0WCgkFJ3AWKy5fl\n30GI2fowaXyd3V5c1ZndOxGli5yJgeouC9kJ9aq/SVYOV75FwFRtBPZBt+/dlVfH\nY6AWuRwpYU1TEvUU7dgtl8Q+XVToamZ7Sh1OIrpc3/mfu4nJuc1op/R5TAo3SIJi\n4Z/YLPKFthdd04igwv6L4lDMvBiZlq6y9PUyXpNq+5kCggEAfhMLNI9c143NKwNk\n7sgmTelq52Bwbycoi/qOMfUGTanTjowh+IrUYDzyWE8Wx5WJGhmMXIJnAKYGveL9\nwz7/cgIklJqOlv/vsYAwdY+86ypEORDy6QSclwZDO3m7NzQRd5HLtsp/zPLw1X+D\n5YWgPe5dX9TrmNB6wp0voNATg0Rj2NybEmjqfQAa+FU9p4FjWO9oIyh/3KY4D+Cw\nXZVTHDrfNnVd3OTA5JJgplCPPqVf0uVKRavZUvCJ3nbu+3EUI8jlUgglx3heME5J\nUW4w4Fg89D93vqo1qf++lc0+hfaW2nP8Nj2oWu0gVhaJSdvd9XV/sSGRDrNHcyZz\nHXWgIQKCAQB9EWQK3Qa9mdoHRAJy8KrV2/9dcBJLCrp78Lu7SMg+1+upFL4Up4Cz\nki2BrcM1FgjnlEiak0gWQH3NdShMzUzb3bVvLC6RpK5rEGy2kEmAFQBb3DEi26+B\nvRIGpJhVbdfE5rgdysYGoQlFi6LY3/Bg1nwr/0mEIuNdil5Js1hWx9BMv2FUCchI\nWnV2YZdqg/ovKb6vhzBhiAEuyyYrV5jryKd9ZqRICSYpuHrUICgWvSs2sYDUdzCV\nRXCt9lF7aRkP3V65Ex+Ud4pliq76lgEhm2sTR9AFTVF6irU/pyhzbyW9Z0jO5Epy\nrxIFB2f+haiR3yL/DrYT3v815JZfnU8RAoIBAQCoYlWq3EF6a7L6KxQDff/MtR5L\ngjsfVNO4wpJ1ye3Blj8uayQFQeJfJ60l7xk5eCMmsbK81aYd1FCv58EbeHHPTo/A\nQ4RkXWjkX1K9/2jhr+XL9nXQ2c7Nc4rK1JCuvGq+L0M99rKV+8EmBAMVduR7I+IJ\nGFnvOfNAfaFU9DzlvR/tveHRTW7GGIzXvJEU4d7zQFLIK+7nQYgKBE5YYU60w2zM\nTdi2266Nv2XGUvAGJ8TRY11rZs7nBpQ7yZDLACbEGQw7y22WiCzwP5GrqmVnGZk1\n1ln3OmHO92tVBcrv2KL+LZHnpr+4JekV6bZijpPDdmLhXjrUrDTnd1VBJ86s\n-----END RSA PRIVATE KEY-----\n",
            "content_base64": null,
            "content_base64sha256": "vjbijPIIlEcC6B/85rIpLRQxoI5AmI+3YD9/KahVOCU=",
            "content_base64sha512": "IOwTq5g+r0dcpd1k62PANBw6IWXecG+3MeZnMX5F1zrRG75Ea6rDYtccsUjJs6x7i2fqdFV3gGDEFSm3CAJWdg==",
            "content_md5": "8748be093f82fe69e6be3d88a46d3fce",
            "content_sha1": "47f5b264eb21351b8fb5518fefbc576b3a63095a",
            "content_sha256": "be36e28cf208944702e81ffce6b2292d1431a08e40988fb7603f7f29a8553825",
            "content_sha512": "20ec13ab983eaf475ca5dd64eb63c0341c3a2165de706fb731e667317e45d73ad11bbe446baac362d71cb148c9b3ac7b8b67ea7455778060c41529b708025676",
            "directory_permission": "0777",
            "file_permission": "400",
            "filename": "instance_key_pair.pem",
            "id": "47f5b264eb21351b8fb5518fefbc576b3a63095a",
            "sensitive_content": null,
            "source": null
          },
          "sensitive_attributes": [
            [
              {
                "type": "get_attr",
                "value": "content"
              }
            ]
          ],
          "dependencies": [
            "aws_key_pair.instance_key",
            "tls_private_key.instance_key"
          ]
        }
      ]
    },
    {
      "mode": "managed",
      "type": "null_resource",
      "name": "name",
      "provider": "provider[\"registry.terraform.io/hashicorp/null\"]",
      "instances": [
        {
          "schema_version": 0,
          "attributes": {
            "id": "1903314662",
            "triggers": null
          },
          "sensitive_attributes": [],
          "dependencies": [
            "aws_default_vpc.default_vpc",
            "aws_instance.jenkins_ec2_instance",
            "aws_instance.nexus_ec2_instance",
            "aws_instance.qa_server",
            "aws_instance.uat_server",
            "aws_key_pair.instance_key",
            "aws_security_group.jenkins_security_gp",
            "aws_security_group.nexus_security_gp",
            "aws_security_group.qa_uat_security_gp",
            "data.aws_ami.ami",
            "local_file.ssh_key",
            "tls_private_key.instance_key"
          ]
        }
      ]
    },
    {
      "mode": "managed",
      "type": "tls_private_key",
      "name": "instance_key",
      "provider": "provider[\"registry.terraform.io/hashicorp/tls\"]",
      "instances": [
        {
          "schema_version": 1,
          "attributes": {
            "algorithm": "RSA",
            "ecdsa_curve": "P224",
            "id": "97c9ec67ca74db996a1504edc306d4d0919542ea",
            "private_key_openssh": "-----BEGIN OPENSSH PRIVATE KEY-----\nb3BlbnNzaC1rZXktdjEAAAAABG5vbmUAAAAEbm9uZQAAAAAAAAABAAACFwAAAAdz\nc2gtcnNhAAAAAwEAAQAAAgEAvXxUkW3hfR3ZBMEqJP/Iuo+3Kjr8+J4Kqhlybp1I\nNdhFl+CMJDoqbk45vn9QQzNJamiAIdl3Zv5wC3DDTnWgWUJ79IOlOq4IzkTD6bI/\nghthsvIvjZUo+jNV/0vdRGKDjEmKQQOKgDc6jQmihHpUhZTiybNZBZUjvY1ZQ27w\nXqZ2RMgmxh98Qa0ksm+vWJIOw6oZFrEtJpU03rb2L6fYTsWqPReg3ABO2CA5xdKX\ne6AOIwddOCIrD9ERsNyvNJMzIHBmgmVPFwp42DoWOGhCMLZXa375hxO6wdalcqq4\niRQMucO450cRGQ+m/AkeZfGPhLncemTx3cGx++wdXY7ltoMADeT7KahAI3k5wZYz\nOSqTnq4QOKHihq2pPGLEln8ymJjDRaQCMCut7x2oh42TUqQxQ67aATaz7IQ4rRi8\nqF1jK+fivfTshOFL+BHhC2kW4PUj85p9jA3ONnhrCajG2j5ZKqCQFqlu0SFeEVUR\nJ/12C8g8PbUWVSfWe79tzVqcz6lW2F3OmJHB4NnVUH/7B8xA/nzdSXiNgXABolee\nchlFWGOypYW7BT+JGSVhrHiKnu14JWTtJo2uGd4ujrWeApaZdxyeMzSEThijxCSS\nlwwuWYvslLE15o5XGPzrOcG7clC1PadzBgQ74T9zLrCh/McC+ePjEJJhcm8o6XAz\n9EEAAAc44SFJi+EhSYsAAAAHc3NoLXJzYQAAAgEAvXxUkW3hfR3ZBMEqJP/Iuo+3\nKjr8+J4Kqhlybp1INdhFl+CMJDoqbk45vn9QQzNJamiAIdl3Zv5wC3DDTnWgWUJ7\n9IOlOq4IzkTD6bI/ghthsvIvjZUo+jNV/0vdRGKDjEmKQQOKgDc6jQmihHpUhZTi\nybNZBZUjvY1ZQ27wXqZ2RMgmxh98Qa0ksm+vWJIOw6oZFrEtJpU03rb2L6fYTsWq\nPReg3ABO2CA5xdKXe6AOIwddOCIrD9ERsNyvNJMzIHBmgmVPFwp42DoWOGhCMLZX\na375hxO6wdalcqq4iRQMucO450cRGQ+m/AkeZfGPhLncemTx3cGx++wdXY7ltoMA\nDeT7KahAI3k5wZYzOSqTnq4QOKHihq2pPGLEln8ymJjDRaQCMCut7x2oh42TUqQx\nQ67aATaz7IQ4rRi8qF1jK+fivfTshOFL+BHhC2kW4PUj85p9jA3ONnhrCajG2j5Z\nKqCQFqlu0SFeEVURJ/12C8g8PbUWVSfWe79tzVqcz6lW2F3OmJHB4NnVUH/7B8xA\n/nzdSXiNgXABoleechlFWGOypYW7BT+JGSVhrHiKnu14JWTtJo2uGd4ujrWeApaZ\ndxyeMzSEThijxCSSlwwuWYvslLE15o5XGPzrOcG7clC1PadzBgQ74T9zLrCh/McC\n+ePjEJJhcm8o6XAz9EEAAAADAQABAAACAQCoBJb4XXaUeuL0VFQKesSCqOzBhYzK\n51iNfAL8Enr1Q9Bx26podSsqpDKPuFRzQgbXU9JKMYquyO6RNmv4JlUI0OsY5aKd\nZbRpMpCFqIin1Z/MDPQdlyW+tcaLmbmZ6cC7pHnzLDCjgFVquiBhWBeaW2q9b0qA\nqL4IVk3QfY6mXvSACPpYs5J6qgzgLChPYTO2TB3zASgIDkXTNmkV2L71GlDZ2xnH\n+n3vJqQTxaiM9l+Sr/T40VNdswT8zrKM6/lpykEbXrnCtIZzNQ5+9fO7PfRGXVDl\ndZkkSDBsfPUkl6KxFdvfOCTxE+/9jBhoTMn15tiZrujIufgYakWfsBX/OZDpo+wG\noyPJ/5SAEVnXVORAkzwE+3nWQWA0c2XXitmQX4O4gFMAfJODuqQzf2/HXFyu9jte\nAzNT+MhZK2TrzezwrCx5IEi+GFPLjUWlQ34SKrWS7/DgdxqpyEWQMEm44TchtSEQ\nUBqj5MPisHU92thKH50gL/5785zAgl0RT88mBO3uYZt1DijgLb3i33ffMhO9Qbad\ncV8YUh4m1b9CDhbfoVl94OQlCRW6kvdAlrSo3AlXIvPic/7fSqcigz7uti+YooeW\nZHu4FDOqDxbyThBYMSrD6YbtVBVl3VXs2JVxOPV9tuqRXhgoKxx2U656J7WNgcVy\nzpmzoz/6RzxAAQAAAQEAqGJVqtxBemuy+isUA33/zLUeS4I7H1TTuMKSdcntwZY/\nLmskBUHiXyetJe8ZOXgjJrGyvNWmHdRQr+fBG3hxz06PwEOEZF1o5F9Svf9o4a/l\ny/Z10NnOzXOKytSQrrxqvi9DPfaylfvBJgQDFXbkeyPiCRhZ7znzQH2hVPQ85b0f\n7b3h0U1uxhiM17yRFOHe80BSyCvu50GICgROWGFOtMNszE3Yttuujb9lxlLwBifE\n0WNda2bO5waUO8mQywAmxBkMO8ttlogs8D+Rq6plZxmZNdZZ9zphzvdrVQXK79ii\n/i2R56a/uCXpFem2Yo6Tw3Zi4V461Kw053dVQSfOrAAAAQEA3VNsCtMpjGAJKsQ7\nCxbGI0XCSfkWIgKFfmOjl+ZF2qRPtnyWrNbOntN/4pr4gKyXaJtnwK8iY+DH7vNh\nR9DW8eJ542mZJl0kTJUe18Mfl2DLcL5VX87ie7oR82qcFJ9CtMh6SPNKW5QhvcmW\n3qDw9y+A0wD7yamfFc5eLepAJzk9SUR2tVYwl0OrIs8+b010A/f/eBBCThswBB6c\n8KaqrWVSKR7xVzdrgWhZswp9IM9bXqO8KNtt9O5lUWOUReQS56ZQHUcDiSmYNhEg\njpNQAIBaDfbrt31a9TPRhHvKsu47Mzr95zds7T+TntY4c+XUuaq6uyIOGcI3SYYz\nbgZm6QAAAQEA2yvpy66UV3Wc+FVi2ji+8i2gF/tl65SmI8EhcjlVOKOXkz6u8puW\nxJbEmHsHkCEQCu7m17U2gz3lPA2s21x9vgBrbBke1Hj4ZmXGMQTjUh6WdxybPpzT\n95kSmoCaK3D/Gfzwtgy0H21Yjfo5qw4tplGoULBDRYKCQUncBYrLl+XfQYjZ+jBp\nfJ3dXlzVmd07EaWLnImB6i4L2Qn1qr9JVg5XvkXAVG0E9kG3792VV8djoBa5HClh\nTVMS9RTt2C2XxD5dVOhqZntKHU4iulzf+Z+7icm5zWin9HlMCjdIgmLhn9gs8oW2\nF13TiKDC/oviUMy8GJmWrrL09TJek2r7mQAAAAAB\n-----END OPENSSH PRIVATE KEY-----\n",
            "private_key_pem": "-----BEGIN RSA PRIVATE KEY-----\nMIIJKQIBAAKCAgEAvXxUkW3hfR3ZBMEqJP/Iuo+3Kjr8+J4Kqhlybp1INdhFl+CM\nJDoqbk45vn9QQzNJamiAIdl3Zv5wC3DDTnWgWUJ79IOlOq4IzkTD6bI/ghthsvIv\njZUo+jNV/0vdRGKDjEmKQQOKgDc6jQmihHpUhZTiybNZBZUjvY1ZQ27wXqZ2RMgm\nxh98Qa0ksm+vWJIOw6oZFrEtJpU03rb2L6fYTsWqPReg3ABO2CA5xdKXe6AOIwdd\nOCIrD9ERsNyvNJMzIHBmgmVPFwp42DoWOGhCMLZXa375hxO6wdalcqq4iRQMucO4\n50cRGQ+m/AkeZfGPhLncemTx3cGx++wdXY7ltoMADeT7KahAI3k5wZYzOSqTnq4Q\nOKHihq2pPGLEln8ymJjDRaQCMCut7x2oh42TUqQxQ67aATaz7IQ4rRi8qF1jK+fi\nvfTshOFL+BHhC2kW4PUj85p9jA3ONnhrCajG2j5ZKqCQFqlu0SFeEVURJ/12C8g8\nPbUWVSfWe79tzVqcz6lW2F3OmJHB4NnVUH/7B8xA/nzdSXiNgXABoleechlFWGOy\npYW7BT+JGSVhrHiKnu14JWTtJo2uGd4ujrWeApaZdxyeMzSEThijxCSSlwwuWYvs\nlLE15o5XGPzrOcG7clC1PadzBgQ74T9zLrCh/McC+ePjEJJhcm8o6XAz9EECAwEA\nAQKCAgEAqASW+F12lHri9FRUCnrEgqjswYWMyudYjXwC/BJ69UPQcduqaHUrKqQy\nj7hUc0IG11PSSjGKrsjukTZr+CZVCNDrGOWinWW0aTKQhaiIp9WfzAz0HZclvrXG\ni5m5menAu6R58ywwo4BVarogYVgXmltqvW9KgKi+CFZN0H2Opl70gAj6WLOSeqoM\n4CwoT2Eztkwd8wEoCA5F0zZpFdi+9RpQ2dsZx/p97yakE8WojPZfkq/0+NFTXbME\n/M6yjOv5acpBG165wrSGczUOfvXzuz30Rl1Q5XWZJEgwbHz1JJeisRXb3zgk8RPv\n/YwYaEzJ9ebYma7oyLn4GGpFn7AV/zmQ6aPsBqMjyf+UgBFZ11TkQJM8BPt51kFg\nNHNl14rZkF+DuIBTAHyTg7qkM39vx1xcrvY7XgMzU/jIWStk683s8KwseSBIvhhT\ny41FpUN+Eiq1ku/w4HcaqchFkDBJuOE3IbUhEFAao+TD4rB1PdrYSh+dIC/+e/Oc\nwIJdEU/PJgTt7mGbdQ4o4C294t933zITvUG2nXFfGFIeJtW/Qg4W36FZfeDkJQkV\nupL3QJa0qNwJVyLz4nP+30qnIoM+7rYvmKKHlmR7uBQzqg8W8k4QWDEqw+mG7VQV\nZd1V7NiVcTj1fbbqkV4YKCscdlOueie1jYHFcs6Zs6M/+kc8QAECggEBAN1TbArT\nKYxgCSrEOwsWxiNFwkn5FiIChX5jo5fmRdqkT7Z8lqzWzp7Tf+Ka+ICsl2ibZ8Cv\nImPgx+7zYUfQ1vHieeNpmSZdJEyVHtfDH5dgy3C+VV/O4nu6EfNqnBSfQrTIekjz\nSluUIb3Jlt6g8PcvgNMA+8mpnxXOXi3qQCc5PUlEdrVWMJdDqyLPPm9NdAP3/3gQ\nQk4bMAQenPCmqq1lUike8Vc3a4FoWbMKfSDPW16jvCjbbfTuZVFjlEXkEuemUB1H\nA4kpmDYRII6TUACAWg3267d9WvUz0YR7yrLuOzM6/ec3bO0/k57WOHPl1Lmqursi\nDhnCN0mGM24GZukCggEBANsr6cuulFd1nPhVYto4vvItoBf7ZeuUpiPBIXI5VTij\nl5M+rvKblsSWxJh7B5AhEAru5te1NoM95TwNrNtcfb4Aa2wZHtR4+GZlxjEE41Ie\nlnccmz6c0/eZEpqAmitw/xn88LYMtB9tWI36OasOLaZRqFCwQ0WCgkFJ3AWKy5fl\n30GI2fowaXyd3V5c1ZndOxGli5yJgeouC9kJ9aq/SVYOV75FwFRtBPZBt+/dlVfH\nY6AWuRwpYU1TEvUU7dgtl8Q+XVToamZ7Sh1OIrpc3/mfu4nJuc1op/R5TAo3SIJi\n4Z/YLPKFthdd04igwv6L4lDMvBiZlq6y9PUyXpNq+5kCggEAfhMLNI9c143NKwNk\n7sgmTelq52Bwbycoi/qOMfUGTanTjowh+IrUYDzyWE8Wx5WJGhmMXIJnAKYGveL9\nwz7/cgIklJqOlv/vsYAwdY+86ypEORDy6QSclwZDO3m7NzQRd5HLtsp/zPLw1X+D\n5YWgPe5dX9TrmNB6wp0voNATg0Rj2NybEmjqfQAa+FU9p4FjWO9oIyh/3KY4D+Cw\nXZVTHDrfNnVd3OTA5JJgplCPPqVf0uVKRavZUvCJ3nbu+3EUI8jlUgglx3heME5J\nUW4w4Fg89D93vqo1qf++lc0+hfaW2nP8Nj2oWu0gVhaJSdvd9XV/sSGRDrNHcyZz\nHXWgIQKCAQB9EWQK3Qa9mdoHRAJy8KrV2/9dcBJLCrp78Lu7SMg+1+upFL4Up4Cz\nki2BrcM1FgjnlEiak0gWQH3NdShMzUzb3bVvLC6RpK5rEGy2kEmAFQBb3DEi26+B\nvRIGpJhVbdfE5rgdysYGoQlFi6LY3/Bg1nwr/0mEIuNdil5Js1hWx9BMv2FUCchI\nWnV2YZdqg/ovKb6vhzBhiAEuyyYrV5jryKd9ZqRICSYpuHrUICgWvSs2sYDUdzCV\nRXCt9lF7aRkP3V65Ex+Ud4pliq76lgEhm2sTR9AFTVF6irU/pyhzbyW9Z0jO5Epy\nrxIFB2f+haiR3yL/DrYT3v815JZfnU8RAoIBAQCoYlWq3EF6a7L6KxQDff/MtR5L\ngjsfVNO4wpJ1ye3Blj8uayQFQeJfJ60l7xk5eCMmsbK81aYd1FCv58EbeHHPTo/A\nQ4RkXWjkX1K9/2jhr+XL9nXQ2c7Nc4rK1JCuvGq+L0M99rKV+8EmBAMVduR7I+IJ\nGFnvOfNAfaFU9DzlvR/tveHRTW7GGIzXvJEU4d7zQFLIK+7nQYgKBE5YYU60w2zM\nTdi2266Nv2XGUvAGJ8TRY11rZs7nBpQ7yZDLACbEGQw7y22WiCzwP5GrqmVnGZk1\n1ln3OmHO92tVBcrv2KL+LZHnpr+4JekV6bZijpPDdmLhXjrUrDTnd1VBJ86s\n-----END RSA PRIVATE KEY-----\n",
            "private_key_pem_pkcs8": "-----BEGIN PRIVATE KEY-----\nMIIJQwIBADANBgkqhkiG9w0BAQEFAASCCS0wggkpAgEAAoICAQC9fFSRbeF9HdkE\nwSok/8i6j7cqOvz4ngqqGXJunUg12EWX4IwkOipuTjm+f1BDM0lqaIAh2Xdm/nAL\ncMNOdaBZQnv0g6U6rgjORMPpsj+CG2Gy8i+NlSj6M1X/S91EYoOMSYpBA4qANzqN\nCaKEelSFlOLJs1kFlSO9jVlDbvBepnZEyCbGH3xBrSSyb69Ykg7DqhkWsS0mlTTe\ntvYvp9hOxao9F6DcAE7YIDnF0pd7oA4jB104IisP0RGw3K80kzMgcGaCZU8XCnjY\nOhY4aEIwtldrfvmHE7rB1qVyqriJFAy5w7jnRxEZD6b8CR5l8Y+Eudx6ZPHdwbH7\n7B1djuW2gwAN5PspqEAjeTnBljM5KpOerhA4oeKGrak8YsSWfzKYmMNFpAIwK63v\nHaiHjZNSpDFDrtoBNrPshDitGLyoXWMr5+K99OyE4Uv4EeELaRbg9SPzmn2MDc42\neGsJqMbaPlkqoJAWqW7RIV4RVREn/XYLyDw9tRZVJ9Z7v23NWpzPqVbYXc6YkcHg\n2dVQf/sHzED+fN1JeI2BcAGiV55yGUVYY7KlhbsFP4kZJWGseIqe7XglZO0mja4Z\n3i6OtZ4Clpl3HJ4zNIROGKPEJJKXDC5Zi+yUsTXmjlcY/Os5wbtyULU9p3MGBDvh\nP3MusKH8xwL54+MQkmFybyjpcDP0QQIDAQABAoICAQCoBJb4XXaUeuL0VFQKesSC\nqOzBhYzK51iNfAL8Enr1Q9Bx26podSsqpDKPuFRzQgbXU9JKMYquyO6RNmv4JlUI\n0OsY5aKdZbRpMpCFqIin1Z/MDPQdlyW+tcaLmbmZ6cC7pHnzLDCjgFVquiBhWBea\nW2q9b0qAqL4IVk3QfY6mXvSACPpYs5J6qgzgLChPYTO2TB3zASgIDkXTNmkV2L71\nGlDZ2xnH+n3vJqQTxaiM9l+Sr/T40VNdswT8zrKM6/lpykEbXrnCtIZzNQ5+9fO7\nPfRGXVDldZkkSDBsfPUkl6KxFdvfOCTxE+/9jBhoTMn15tiZrujIufgYakWfsBX/\nOZDpo+wGoyPJ/5SAEVnXVORAkzwE+3nWQWA0c2XXitmQX4O4gFMAfJODuqQzf2/H\nXFyu9jteAzNT+MhZK2TrzezwrCx5IEi+GFPLjUWlQ34SKrWS7/DgdxqpyEWQMEm4\n4TchtSEQUBqj5MPisHU92thKH50gL/5785zAgl0RT88mBO3uYZt1DijgLb3i33ff\nMhO9QbadcV8YUh4m1b9CDhbfoVl94OQlCRW6kvdAlrSo3AlXIvPic/7fSqcigz7u\nti+YooeWZHu4FDOqDxbyThBYMSrD6YbtVBVl3VXs2JVxOPV9tuqRXhgoKxx2U656\nJ7WNgcVyzpmzoz/6RzxAAQKCAQEA3VNsCtMpjGAJKsQ7CxbGI0XCSfkWIgKFfmOj\nl+ZF2qRPtnyWrNbOntN/4pr4gKyXaJtnwK8iY+DH7vNhR9DW8eJ542mZJl0kTJUe\n18Mfl2DLcL5VX87ie7oR82qcFJ9CtMh6SPNKW5QhvcmW3qDw9y+A0wD7yamfFc5e\nLepAJzk9SUR2tVYwl0OrIs8+b010A/f/eBBCThswBB6c8KaqrWVSKR7xVzdrgWhZ\nswp9IM9bXqO8KNtt9O5lUWOUReQS56ZQHUcDiSmYNhEgjpNQAIBaDfbrt31a9TPR\nhHvKsu47Mzr95zds7T+TntY4c+XUuaq6uyIOGcI3SYYzbgZm6QKCAQEA2yvpy66U\nV3Wc+FVi2ji+8i2gF/tl65SmI8EhcjlVOKOXkz6u8puWxJbEmHsHkCEQCu7m17U2\ngz3lPA2s21x9vgBrbBke1Hj4ZmXGMQTjUh6WdxybPpzT95kSmoCaK3D/Gfzwtgy0\nH21Yjfo5qw4tplGoULBDRYKCQUncBYrLl+XfQYjZ+jBpfJ3dXlzVmd07EaWLnImB\n6i4L2Qn1qr9JVg5XvkXAVG0E9kG3792VV8djoBa5HClhTVMS9RTt2C2XxD5dVOhq\nZntKHU4iulzf+Z+7icm5zWin9HlMCjdIgmLhn9gs8oW2F13TiKDC/oviUMy8GJmW\nrrL09TJek2r7mQKCAQB+Ews0j1zXjc0rA2TuyCZN6WrnYHBvJyiL+o4x9QZNqdOO\njCH4itRgPPJYTxbHlYkaGYxcgmcApga94v3DPv9yAiSUmo6W/++xgDB1j7zrKkQ5\nEPLpBJyXBkM7ebs3NBF3kcu2yn/M8vDVf4PlhaA97l1f1OuY0HrCnS+g0BODRGPY\n3JsSaOp9ABr4VT2ngWNY72gjKH/cpjgP4LBdlVMcOt82dV3c5MDkkmCmUI8+pV/S\n5UpFq9lS8Inedu77cRQjyOVSCCXHeF4wTklRbjDgWDz0P3e+qjWp/76VzT6F9pba\nc/w2Paha7SBWFolJ2931dX+xIZEOs0dzJnMddaAhAoIBAH0RZArdBr2Z2gdEAnLw\nqtXb/11wEksKunvwu7tIyD7X66kUvhSngLOSLYGtwzUWCOeUSJqTSBZAfc11KEzN\nTNvdtW8sLpGkrmsQbLaQSYAVAFvcMSLbr4G9EgakmFVt18TmuB3KxgahCUWLotjf\n8GDWfCv/SYQi412KXkmzWFbH0Ey/YVQJyEhadXZhl2qD+i8pvq+HMGGIAS7LJitX\nmOvIp31mpEgJJim4etQgKBa9KzaxgNR3MJVFcK32UXtpGQ/dXrkTH5R3imWKrvqW\nASGbaxNH0AVNUXqKtT+nKHNvJb1nSM7kSnKvEgUHZ/6FqJHfIv8OthPe/zXkll+d\nTxECggEBAKhiVarcQXprsvorFAN9/8y1HkuCOx9U07jCknXJ7cGWPy5rJAVB4l8n\nrSXvGTl4IyaxsrzVph3UUK/nwRt4cc9Oj8BDhGRdaORfUr3/aOGv5cv2ddDZzs1z\nisrUkK68ar4vQz32spX7wSYEAxV25Hsj4gkYWe8580B9oVT0POW9H+294dFNbsYY\njNe8kRTh3vNAUsgr7udBiAoETlhhTrTDbMxN2Lbbro2/ZcZS8AYnxNFjXWtmzucG\nlDvJkMsAJsQZDDvLbZaILPA/kauqZWcZmTXWWfc6Yc73a1UFyu/Yov4tkeemv7gl\n6RXptmKOk8N2YuFeOtSsNOd3VUEnzqw=\n-----END PRIVATE KEY-----\n",
            "public_key_fingerprint_md5": "a9:b7:76:86:13:9b:ac:0d:d1:56:29:c7:d9:6c:10:67",
            "public_key_fingerprint_sha256": "SHA256:SfVB49Cpn9wWutlAOfl9ryIrdlM54x6uR8uv0cLvcCc",
            "public_key_openssh": "ssh-rsa AAAAB3NzaC1yc2EAAAADAQABAAACAQC9fFSRbeF9HdkEwSok/8i6j7cqOvz4ngqqGXJunUg12EWX4IwkOipuTjm+f1BDM0lqaIAh2Xdm/nALcMNOdaBZQnv0g6U6rgjORMPpsj+CG2Gy8i+NlSj6M1X/S91EYoOMSYpBA4qANzqNCaKEelSFlOLJs1kFlSO9jVlDbvBepnZEyCbGH3xBrSSyb69Ykg7DqhkWsS0mlTTetvYvp9hOxao9F6DcAE7YIDnF0pd7oA4jB104IisP0RGw3K80kzMgcGaCZU8XCnjYOhY4aEIwtldrfvmHE7rB1qVyqriJFAy5w7jnRxEZD6b8CR5l8Y+Eudx6ZPHdwbH77B1djuW2gwAN5PspqEAjeTnBljM5KpOerhA4oeKGrak8YsSWfzKYmMNFpAIwK63vHaiHjZNSpDFDrtoBNrPshDitGLyoXWMr5+K99OyE4Uv4EeELaRbg9SPzmn2MDc42eGsJqMbaPlkqoJAWqW7RIV4RVREn/XYLyDw9tRZVJ9Z7v23NWpzPqVbYXc6YkcHg2dVQf/sHzED+fN1JeI2BcAGiV55yGUVYY7KlhbsFP4kZJWGseIqe7XglZO0mja4Z3i6OtZ4Clpl3HJ4zNIROGKPEJJKXDC5Zi+yUsTXmjlcY/Os5wbtyULU9p3MGBDvhP3MusKH8xwL54+MQkmFybyjpcDP0QQ==\n",
            "public_key_pem": "-----BEGIN PUBLIC KEY-----\nMIICIjANBgkqhkiG9w0BAQEFAAOCAg8AMIICCgKCAgEAvXxUkW3hfR3ZBMEqJP/I\nuo+3Kjr8+J4Kqhlybp1INdhFl+CMJDoqbk45vn9QQzNJamiAIdl3Zv5wC3DDTnWg\nWUJ79IOlOq4IzkTD6bI/ghthsvIvjZUo+jNV/0vdRGKDjEmKQQOKgDc6jQmihHpU\nhZTiybNZBZUjvY1ZQ27wXqZ2RMgmxh98Qa0ksm+vWJIOw6oZFrEtJpU03rb2L6fY\nTsWqPReg3ABO2CA5xdKXe6AOIwddOCIrD9ERsNyvNJMzIHBmgmVPFwp42DoWOGhC\nMLZXa375hxO6wdalcqq4iRQMucO450cRGQ+m/AkeZfGPhLncemTx3cGx++wdXY7l\ntoMADeT7KahAI3k5wZYzOSqTnq4QOKHihq2pPGLEln8ymJjDRaQCMCut7x2oh42T\nUqQxQ67aATaz7IQ4rRi8qF1jK+fivfTshOFL+BHhC2kW4PUj85p9jA3ONnhrCajG\n2j5ZKqCQFqlu0SFeEVURJ/12C8g8PbUWVSfWe79tzVqcz6lW2F3OmJHB4NnVUH/7\nB8xA/nzdSXiNgXABoleechlFWGOypYW7BT+JGSVhrHiKnu14JWTtJo2uGd4ujrWe\nApaZdxyeMzSEThijxCSSlwwuWYvslLE15o5XGPzrOcG7clC1PadzBgQ74T9zLrCh\n/McC+ePjEJJhcm8o6XAz9EECAwEAAQ==\n-----END PUBLIC KEY-----\n",
            "rsa_bits": 4096
          },
          "sensitive_attributes": []
        }
      ]
    }
  ],
  "check_results": null
}
